{
  "name": "unblocky",
  "version": "1.0.0",
  "lockfileVersion": 3,
  "requires": true,
  "packages": {
    "": {
      "name": "unblocky",
      "version": "1.0.0",
      "license": "MIT",
      "dependencies": {
        "fastify": "^4.26.2",
        "@fastify/static": "^7.0.1"
      }
    },
    "node_modules/fastify": { "version": "4.26.2" },
    "node_modules/@fastify/static": { "version": "7.0.1" }
  }
}
